PODS:
  - Nimble (4.0.1)
  - PaperTrailLog (0.1.0)
  - Quick (0.9.2)

DEPENDENCIES:
  - Nimble
  - PaperTrailLog (from `../`)
  - Quick

EXTERNAL SOURCES:
  PaperTrailLog:
    :path: "../"

SPEC CHECKSUMS:
  Nimble: 0f3c8b8b084cda391209c3c5efbb48bedeeb920a
  PaperTrailLog: 99b71be0ea344b14b2e0115b8fc9b7831f4cac8c
  Quick: 18d057bc66451eedd5d1c8dc99ba2a5db6e60226

PODFILE CHECKSUM: 3113de90b543a94192db534fec925c1505f014fa

COCOAPODS: 1.0.1
